
Microsoft Visual Studio Solution File, Format Version 12.00
# Visual Studio 15
VisualStudioVersion = 15.0.34112.143
MinimumVisualStudioVersion = 10.0.40219.1
Project("{8BC9CEB8-8B4A-11D0-8D11-00A0C91BC942}") = "19", "19\19.vcxproj", "{DC9D47FA-CFF9-49AE-8221-A41E7B513C4D}"
EndProject
Global
	GlobalSection(SolutionConfigurationPlatforms) = preSolution
		Debug|x64 = Debug|x64
		Debug|x86 = Debug|x86
		Release|x64 = Release|x64
		Release|x86 = Release|x86
	EndGlobalSection
	GlobalSection(ProjectConfigurationPlatforms) = postSolution
		{DC9D47FA-CFF9-49AE-8221-A41E7B513C4D}.Debug|x64.ActiveCfg = Debug|x64
		{DC9D47FA-CFF9-49AE-8221-A41E7B513C4D}.Debug|x64.Build.0 = Debug|x64
		{DC9D47FA-CFF9-49AE-8221-A41E7B513C4D}.Debug|x86.ActiveCfg = Debug|Win32
		{DC9D47FA-CFF9-49AE-8221-A41E7B513C4D}.Debug|x86.Build.0 = Debug|Win32
		{DC9D47FA-CFF9-49AE-8221-A41E7B513C4D}.Release|x64.ActiveCfg = Release|x64
		{DC9D47FA-CFF9-49AE-8221-A41E7B513C4D}.Release|x64.Build.0 = Release|x64
		{DC9D47FA-CFF9-49AE-8221-A41E7B513C4D}.Release|x86.ActiveCfg = Release|Win32
		{DC9D47FA-CFF9-49AE-8221-A41E7B513C4D}.Release|x86.Build.0 = Release|Win32
	EndGlobalSection
	GlobalSection(SolutionProperties) = preSolution
		HideSolutionNode = FALSE
	EndGlobalSection
	GlobalSection(ExtensibilityGlobals) = postSolution
		SolutionGuid = {D4587921-C2DD-4DD6-B4E2-986FB2DA01B0}
	EndGlobalSection
EndGlobal
